{
  "name": "@toridoriv/modicon",
  "version": "0.1.0",
  "lockfileVersion": 2,
  "requires": true,
  "packages": {
    "": {
      "name": "@toridoriv/modicon",
      "version": "0.1.0",
      "license": "MPL-2.0",
      "dependencies": {
        "deno-bin": "^1.28.1"
      },
      "bin": {
        "modicon": "bin/modicon.js"
      }
    },
    "node_modules/adm-zip": {
      "version": "0.5.9",
      "resolved": "https://registry.npmjs.org/adm-zip/-/adm-zip-0.5.9.tgz",
      "integrity": "sha512-s+3fXLkeeLjZ2kLjCBwQufpI5fuN+kIGBxu6530nVQZGVol0d7Y/M88/xw9HGGUcJjKf8LutN3VPRUBq6N7Ajg==",
      "engines": {
        "node": ">=6.0"
      }
    },
    "node_modules/deno-bin": {
      "version": "1.28.1",
      "resolved": "https://registry.npmjs.org/deno-bin/-/deno-bin-1.28.1.tgz",
      "integrity": "sha512-6nrNj71f/R8a/vhNF3RlrQVZchv977kO708EB4F3O6r4KvtDiWebd00FbHZtQ/Z+L7O2vYgt6Rw2wkAzLr4UiQ==",
      "hasInstallScript": true,
      "dependencies": {
        "adm-zip": "^0.5.4",
        "follow-redirects": "^1.10.0"
      },
      "bin": {
        "deno": "bin/deno.js",
        "deno-bin": "bin/deno.js"
      }
    },
    "node_modules/follow-redirects": {
      "version": "1.15.2",
      "resolved": "https://registry.npmjs.org/follow-redirects/-/follow-redirects-1.15.2.tgz",
      "integrity": "sha512-VQLG33o04KaQ8uYi2tVNbdrWp1QWxNNea+nmIB4EVM28v0hmP17z7aG1+wAkNzVq4KeXTq3221ye5qTJP91JwA==",
      "funding": [
        {
          "type": "individual",
          "url": "https://github.com/sponsors/RubenVerborgh"
        }
      ],
      "engines": {
        "node": ">=4.0"
      },
      "peerDependenciesMeta": {
        "debug": {
          "optional": true
        }
      }
    }
  },
  "dependencies": {
    "adm-zip": {
      "version": "0.5.9",
      "resolved": "https://registry.npmjs.org/adm-zip/-/adm-zip-0.5.9.tgz",
      "integrity": "sha512-s+3fXLkeeLjZ2kLjCBwQufpI5fuN+kIGBxu6530nVQZGVol0d7Y/M88/xw9HGGUcJjKf8LutN3VPRUBq6N7Ajg=="
    },
    "deno-bin": {
      "version": "1.28.1",
      "resolved": "https://registry.npmjs.org/deno-bin/-/deno-bin-1.28.1.tgz",
      "integrity": "sha512-6nrNj71f/R8a/vhNF3RlrQVZchv977kO708EB4F3O6r4KvtDiWebd00FbHZtQ/Z+L7O2vYgt6Rw2wkAzLr4UiQ==",
      "requires": {
        "adm-zip": "^0.5.4",
        "follow-redirects": "^1.10.0"
      }
    },
    "follow-redirects": {
      "version": "1.15.2",
      "resolved": "https://registry.npmjs.org/follow-redirects/-/follow-redirects-1.15.2.tgz",
      "integrity": "sha512-VQLG33o04KaQ8uYi2tVNbdrWp1QWxNNea+nmIB4EVM28v0hmP17z7aG1+wAkNzVq4KeXTq3221ye5qTJP91JwA=="
    }
  }
}
